// !$*UTF8*$!
{
	archiveVersion = 1;
	classes = {
	};
	objectVersion = 50;
	objects = {

/* Begin PBXBuildFile section */
		DB338D1A2238A396001B8EDE /* AppDelegate.swift in Sources */ = {isa = PBXBuildFile; fileRef = DB338D192238A396001B8EDE /* AppDelegate.swift */; };
		DB338D1C2238A396001B8EDE /* ViewController.swift in Sources */ = {isa = PBXBuildFile; fileRef = DB338D1B2238A396001B8EDE /* ViewController.swift */; };
		DB338D1F2238A396001B8EDE /* Main.storyboard in Resources */ = {isa = PBXBuildFile; fileRef = DB338D1D2238A396001B8EDE /* Main.storyboard */; };
		DB338D212238A398001B8EDE /* Assets.xcassets in Resources */ = {isa = PBXBuildFile; fileRef = DB338D202238A398001B8EDE /* Assets.xcassets */; };
		DB338D242238A398001B8EDE /* LaunchScreen.storyboard in Resources */ = {isa = PBXBuildFile; fileRef = DB338D222238A398001B8EDE /* LaunchScreen.storyboard */; };
		DB338D2D2238BF98001B8EDE /* BaseView.swift in Sources */ = {isa = PBXBuildFile; fileRef = DB338D2C2238BF98001B8EDE /* BaseView.swift */; };
		DB338D312238C3C0001B8EDE /* DetailsFoodView.swift in Sources */ = {isa = PBXBuildFile; fileRef = DB338D302238C3C0001B8EDE /* DetailsFoodView.swift */; };
		DB338D352238DE6B001B8EDE /* DetailsFoodViewController.swift in Sources */ = {isa = PBXBuildFile; fileRef = DB338D342238DE6B001B8EDE /* DetailsFoodViewController.swift */; };
		DB338D382238DFF8001B8EDE /* FoodTableTableViewController.swift in Sources */ = {isa = PBXBuildFile; fileRef = DB338D372238DFF8001B8EDE /* FoodTableTableViewController.swift */; };
		DB338D3B2238E043001B8EDE /* FoodTableViewCell.swift in Sources */ = {isa = PBXBuildFile; fileRef = DB338D3A2238E043001B8EDE /* FoodTableViewCell.swift */; };
/* End PBXBuildFile section */

/* Begin PBXFileReference section */
		DB338D162238A396001B8EDE /* app_food.app */ = {isa = PBXFileReference; explicitFileType = wrapper.application; includeInIndex = 0; path = app_food.app; sourceTree = BUILT_PRODUCTS_DIR; };
		DB338D192238A396001B8EDE /* AppDelegate.swift */ = {isa = PBXFileReference; lastKnownFileType = sourcecode.swift; path = AppDelegate.swift; sourceTree = "<group>"; };
		DB338D1B2238A396001B8EDE /* ViewController.swift */ = {isa = PBXFileReference; lastKnownFileType = sourcecode.swift; path = ViewController.swift; sourceTree = "<group>"; };
		DB338D1E2238A396001B8EDE /* Base */ = {isa = PBXFileReference; lastKnownFileType = file.storyboard; name = Base; path = Base.lproj/Main.storyboard; sourceTree = "<group>"; };
		DB338D202238A398001B8EDE /* Assets.xcassets */ = {isa = PBXFileReference; lastKnownFileType = folder.assetcatalog; path = Assets.xcassets; sourceTree = "<group>"; };
		DB338D232238A398001B8EDE /* Base */ = {isa = PBXFileReference; lastKnownFileType = file.storyboard; name = Base; path = Base.lproj/LaunchScreen.storyboard; sourceTree = "<group>"; };
		DB338D252238A398001B8EDE /* Info.plist */ = {isa = PBXFileReference; lastKnownFileType = text.plist.xml; path = Info.plist; sourceTree = "<group>"; };
		DB338D2C2238BF98001B8EDE /* BaseView.swift */ = {isa = PBXFileReference; lastKnownFileType = sourcecode.swift; path = BaseView.swift; sourceTree = "<group>"; };
		DB338D302238C3C0001B8EDE /* DetailsFoodView.swift */ = {isa = PBXFileReference; lastKnownFileType = sourcecode.swift; path = DetailsFoodView.swift; sourceTree = "<group>"; };
		DB338D342238DE6B001B8EDE /* DetailsFoodViewController.swift */ = {isa = PBXFileReference; lastKnownFileType = sourcecode.swift; path = DetailsFoodViewController.swift; sourceTree = "<group>"; };
		DB338D372238DFF8001B8EDE /* FoodTableTableViewController.swift */ = {isa = PBXFileReference; lastKnownFileType = sourcecode.swift; path = FoodTableTableViewController.swift; sourceTree = "<group>"; };
		DB338D3A2238E043001B8EDE /* FoodTableViewCell.swift */ = {isa = PBXFileReference; lastKnownFileType = sourcecode.swift; path = FoodTableViewCell.swift; sourceTree = "<group>"; };
/* End PBXFileReference section */

/* Begin PBXFrameworksBuildPhase section */
		DB338D132238A396001B8EDE /* Frameworks */ = {
			isa = PBXFrameworksBuildPhase;
			buildActionMask = 2147483647;
			files = (
			);
			runOnlyForDeploymentPostprocessing = 0;
		};
/* End PBXFrameworksBuildPhase section */

/* Begin PBXGroup section */
		DB338D0D2238A396001B8EDE = {
			isa = PBXGroup;
			children = (
				DB338D182238A396001B8EDE /* app_food */,
				DB338D172238A396001B8EDE /* Products */,
			);
			sourceTree = "<group>";
		};
		DB338D172238A396001B8EDE /* Products */ = {
			isa = PBXGroup;
			children = (
				DB338D162238A396001B8EDE /* app_food.app */,
			);
			name = Products;
			sourceTree = "<group>";
		};
		DB338D182238A396001B8EDE /* app_food */ = {
			isa = PBXGroup;
			children = (
				DB338D2B2238BF83001B8EDE /* screen */,
				DB338D192238A396001B8EDE /* AppDelegate.swift */,
				DB338D1B2238A396001B8EDE /* ViewController.swift */,
				DB338D1D2238A396001B8EDE /* Main.storyboard */,
				DB338D202238A398001B8EDE /* Assets.xcassets */,
				DB338D222238A398001B8EDE /* LaunchScreen.storyboard */,
				DB338D252238A398001B8EDE /* Info.plist */,
			);
			path = app_food;
			sourceTree = "<group>";
		};
		DB338D2B2238BF83001B8EDE /* screen */ = {
			isa = PBXGroup;
			children = (
				DB338D362238DF58001B8EDE /* list */,
				DB338D2E2238C361001B8EDE /* details */,
				DB338D2C2238BF98001B8EDE /* BaseView.swift */,
			);
			path = screen;
			sourceTree = "<group>";
		};
		DB338D2E2238C361001B8EDE /* details */ = {
			isa = PBXGroup;
			children = (
				DB338D2F2238C396001B8EDE /* views */,
				DB338D342238DE6B001B8EDE /* DetailsFoodViewController.swift */,
			);
			path = details;
			sourceTree = "<group>";
		};
		DB338D2F2238C396001B8EDE /* views */ = {
			isa = PBXGroup;
			children = (
				DB338D302238C3C0001B8EDE /* DetailsFoodView.swift */,
			);
			path = views;
			sourceTree = "<group>";
		};
		DB338D362238DF58001B8EDE /* list */ = {
			isa = PBXGroup;
			children = (
				DB338D392238E00C001B8EDE /* views */,
				DB338D372238DFF8001B8EDE /* FoodTableTableViewController.swift */,
			);
			path = list;
			sourceTree = "<group>";
		};
		DB338D392238E00C001B8EDE /* views */ = {
			isa = PBXGroup;
			children = (
				DB338D3A2238E043001B8EDE /* FoodTableViewCell.swift */,
			);
			path = views;
			sourceTree = "<group>";
		};
/* End PBXGroup section */

/* Begin PBXNativeTarget section */
		DB338D152238A396001B8EDE /* app_food */ = {
			isa = PBXNativeTarget;
			buildConfigurationList = DB338D282238A398001B8EDE /* Build configuration list for PBXNativeTarget "app_food" */;
			buildPhases = (
				DB338D122238A396001B8EDE /* Sources */,
				DB338D132238A396001B8EDE /* Frameworks */,
				DB338D142238A396001B8EDE /* Resources */,
			);
			buildRules = (
			);
			dependencies = (
			);
			name = app_food;
			productName = app_food;
			productReference = DB338D162238A396001B8EDE /* app_food.app */;
			productType = "com.apple.product-type.application";
		};
/* End PBXNativeTarget section */

/* Begin PBXProject section */
		DB338D0E2238A396001B8EDE /* Project object */ = {
			isa = PBXProject;
			attributes = {
				LastSwiftUpdateCheck = 0940;
				LastUpgradeCheck = 0940;
				ORGANIZATIONNAME = "NGUYEN CHI THANH";
				TargetAttributes = {
					DB338D152238A396001B8EDE = {
						CreatedOnToolsVersion = 9.4.1;
					};
				};
			};
			buildConfigurationList = DB338D112238A396001B8EDE /* Build configuration list for PBXProject "app_food" */;
			compatibilityVersion = "Xcode 9.3";
			developmentRegion = en;
			hasScannedForEncodings = 0;
			knownRegions = (
				en,
				Base,
			);
			mainGroup = DB338D0D2238A396001B8EDE;
			productRefGroup = DB338D172238A396001B8EDE /* Products */;
			projectDirPath = "";
			projectRoot = "";
			targets = (
				DB338D152238A396001B8EDE /* app_food */,
			);
		};
/* End PBXProject section */

/* Begin PBXResourcesBuildPhase section */
		DB338D142238A396001B8EDE /* Resources */ = {
			isa = PBXResourcesBuildPhase;
			buildActionMask = 2147483647;
			files = (
				DB338D242238A398001B8EDE /* LaunchScreen.storyboard in Resources */,
				DB338D212238A398001B8EDE /* Assets.xcassets in Resources */,
				DB338D1F2238A396001B8EDE /* Main.storyboard in Resources */,
			);
			runOnlyForDeploymentPostprocessing = 0;
		};
/* End PBXResourcesBuildPhase section */

/* Begin PBXSourcesBuildPhase section */
		DB338D122238A396001B8EDE /* Sources */ = {
			isa = PBXSourcesBuildPhase;
			buildActionMask = 2147483647;
			files = (
				DB338D2D2238BF98001B8EDE /* BaseView.swift in Sources */,
				DB338D312238C3C0001B8EDE /* DetailsFoodView.swift in Sources */,
				DB338D352238DE6B001B8EDE /* DetailsFoodViewController.swift in Sources */,
				DB338D3B2238E043001B8EDE /* FoodTableViewCell.swift in Sources */,
				DB338D1C2238A396001B8EDE /* ViewController.swift in Sources */,
				DB338D382238DFF8001B8EDE /* FoodTableTableViewController.swift in Sources */,
				DB338D1A2238A396001B8EDE /* AppDelegate.swift in Sources */,
			);
			runOnlyForDeploymentPostprocessing = 0;
		};
/* End PBXSourcesBuildPhase section */

/* Begin PBXVariantGroup section */
		DB338D1D2238A396001B8EDE /* Main.storyboard */ = {
			isa = PBXVariantGroup;
			children = (
				DB338D1E2238A396001B8EDE /* Base */,
			);
			name = Main.storyboard;
			sourceTree = "<group>";
		};
		DB338D222238A398001B8EDE /* LaunchScreen.storyboard */ = {
			isa = PBXVariantGroup;
			children = (
				DB338D232238A398001B8EDE /* Base */,
			);
			name = LaunchScreen.storyboard;
			sourceTree = "<group>";
		};
/* End PBXVariantGroup section */

/* Begin XCBuildConfiguration section */
		DB338D262238A398001B8EDE /* Debug */ = {
			isa = XCBuildConfiguration;
			buildSettings = {
				ALWAYS_SEARCH_USER_PATHS = NO;
				CLANG_ANALYZER_NONNULL = YES;
				CLANG_ANALYZER_NUMBER_OBJECT_CONVERSION = YES_AGGRESSIVE;
				CLANG_CXX_LANGUAGE_STANDARD = "gnu++14";
				CLANG_CXX_LIBRARY = "libc++";
				CLANG_ENABLE_MODULES = YES;
				CLANG_ENABLE_OBJC_ARC = YES;
				CLANG_ENABLE_OBJC_WEAK = YES;
				CLANG_WARN_BLOCK_CAPTURE_AUTORELEASING = YES;
				CLANG_WARN_BOOL_CONVERSION = YES;
				CLANG_WARN_COMMA = YES;
				CLANG_WARN_CONSTANT_CONVERSION = YES;
				CLANG_WARN_DEPRECATED_OBJC_IMPLEMENTATIONS = YES;
				CLANG_WARN_DIRECT_OBJC_ISA_USAGE = YES_ERROR;
				CLANG_WARN_DOCUMENTATION_COMMENTS = YES;
				CLANG_WARN_EMPTY_BODY = YES;
				CLANG_WARN_ENUM_CONVERSION = YES;
				CLANG_WARN_INFINITE_RECURSION = YES;
				CLANG_WARN_INT_CONVERSION = YES;
				CLANG_WARN_NON_LITERAL_NULL_CONVERSION = YES;
				CLANG_WARN_OBJC_IMPLICIT_RETAIN_SELF = YES;
				CLANG_WARN_OBJC_LITERAL_CONVERSION = YES;
				CLANG_WARN_OBJC_ROOT_CLASS = YES_ERROR;
				CLANG_WARN_RANGE_LOOP_ANALYSIS = YES;
				CLANG_WARN_STRICT_PROTOTYPES = YES;
				CLANG_WARN_SUSPICIOUS_MOVE = YES;
				CLANG_WARN_UNGUARDED_AVAILABILITY = YES_AGGRESSIVE;
				CLANG_WARN_UNREACHABLE_CODE = YES;
				CLANG_WARN__DUPLICATE_METHOD_MATCH = YES;
				CODE_SIGN_IDENTITY = "iPhone Developer";
				COPY_PHASE_STRIP = NO;
				DEBUG_INFORMATION_FORMAT = dwarf;
				ENABLE_STRICT_OBJC_MSGSEND = YES;
				ENABLE_TESTABILITY = YES;
				GCC_C_LANGUAGE_STANDARD = gnu11;
				GCC_DYNAMIC_NO_PIC = NO;
				GCC_NO_COMMON_BLOCKS = YES;
				GCC_OPTIMIZATION_LEVEL = 0;
				GCC_PREPROCESSOR_DEFINITIONS = (
					"DEBUG=1",
					"$(inherited)",
				);
				GCC_WARN_64_TO_32_BIT_CONVERSION = YES;
				GCC_WARN_ABOUT_RETURN_TYPE = YES_ERROR;
				GCC_WARN_UNDECLARED_SELECTOR = YES;
				GCC_WARN_UNINITIALIZED_AUTOS = YES_AGGRESSIVE;
				GCC_WARN_UNUSED_FUNCTION = YES;
				GCC_WARN_UNUSED_VARIABLE = YES;
				IPHONEOS_DEPLOYMENT_TARGET = 11.4;
				MTL_ENABLE_DEBUG_INFO = YES;
				ONLY_ACTIVE_ARCH = YES;
				SDKROOT = iphoneos;
				SWIFT_ACTIVE_COMPILATION_CONDITIONS = DEBUG;
				SWIFT_OPTIMIZATION_LEVEL = "-Onone";
			};
			name = Debug;
		};
		DB338D272238A398001B8EDE /* Release */ = {
			isa = XCBuildConfiguration;
			buildSettings = {
				ALWAYS_SEARCH_USER_PATHS = NO;
				CLANG_ANALYZER_NONNULL = YES;
				CLANG_ANALYZER_NUMBER_OBJECT_CONVERSION = YES_AGGRESSIVE;
				CLANG_CXX_LANGUAGE_STANDARD = "gnu++14";
				CLANG_CXX_LIBRARY = "libc++";
				CLANG_ENABLE_MODULES = YES;
				CLANG_ENABLE_OBJC_ARC = YES;
				CLANG_ENABLE_OBJC_WEAK = YES;
				CLANG_WARN_BLOCK_CAPTURE_AUTORELEASING = YES;
				CLANG_WARN_BOOL_CONVERSION = YES;
				CLANG_WARN_COMMA = YES;
				CLANG_WARN_CONSTANT_CONVERSION = YES;
				CLANG_WARN_DEPRECATED_OBJC_IMPLEMENTATIONS = YES;
				CLANG_WARN_DIRECT_OBJC_ISA_USAGE = YES_ERROR;
				CLANG_WARN_DOCUMENTATION_COMMENTS = YES;
				CLANG_WARN_EMPTY_BODY = YES;
				CLANG_WARN_ENUM_CONVERSION = YES;
				CLANG_WARN_INFINITE_RECURSION = YES;
				CLANG_WARN_INT_CONVERSION = YES;
				CLANG_WARN_NON_LITERAL_NULL_CONVERSION = YES;
				CLANG_WARN_OBJC_IMPLICIT_RETAIN_SELF = YES;
				CLANG_WARN_OBJC_LITERAL_CONVERSION = YES;
				CLANG_WARN_OBJC_ROOT_CLASS = YES_ERROR;
				CLANG_WARN_RANGE_LOOP_ANALYSIS = YES;
				CLANG_WARN_STRICT_PROTOTYPES = YES;
				CLANG_WARN_SUSPICIOUS_MOVE = YES;
				CLANG_WARN_UNGUARDED_AVAILABILITY = YES_AGGRESSIVE;
				CLANG_WARN_UNREACHABLE_CODE = YES;
				CLANG_WARN__DUPLICATE_METHOD_MATCH = YES;
				CODE_SIGN_IDENTITY = "iPhone Developer";
				COPY_PHASE_STRIP = NO;
				DEBUG_INFORMATION_FORMAT = "dwarf-with-dsym";
				ENABLE_NS_ASSERTIONS = NO;
				ENABLE_STRICT_OBJC_MSGSEND = YES;
				GCC_C_LANGUAGE_STANDARD = gnu11;
				GCC_NO_COMMON_BLOCKS = YES;
				GCC_WARN_64_TO_32_BIT_CONVERSION = YES;
				GCC_WARN_ABOUT_RETURN_TYPE = YES_ERROR;
				GCC_WARN_UNDECLARED_SELECTOR = YES;
				GCC_WARN_UNINITIALIZED_AUTOS = YES_AGGRESSIVE;
				GCC_WARN_UNUSED_FUNCTION = YES;
				GCC_WARN_UNUSED_VARIABLE = YES;
				IPHONEOS_DEPLOYMENT_TARGET = 11.4;
				MTL_ENABLE_DEBUG_INFO = NO;
				SDKROOT = iphoneos;
				SWIFT_COMPILATION_MODE = wholemodule;
				SWIFT_OPTIMIZATION_LEVEL = "-O";
				VALIDATE_PRODUCT = YES;
			};
			name = Release;
		};
		DB338D292238A398001B8EDE /* Debug */ = {
			isa = XCBuildConfiguration;
			buildSettings = {
				ASSETCATALOG_COMPILER_APPICON_NAME = AppIcon;
				CODE_SIGN_STYLE = Automatic;
				INFOPLIST_FILE = app_food/Info.plist;
				LD_RUNPATH_SEARCH_PATHS = (
					"$(inherited)",
					"@executable_path/Frameworks",
				);
				PRODUCT_BUNDLE_IDENTIFIER = "bai-1.app-food";
				PRODUCT_NAME = "$(TARGET_NAME)";
				SWIFT_VERSION = 4.0;
				TARGETED_DEVICE_FAMILY = "1,2";
			};
			name = Debug;
		};
		DB338D2A2238A398001B8EDE /* Release */ = {
			isa = XCBuildConfiguration;
			buildSettings = {
				ASSETCATALOG_COMPILER_APPICON_NAME = AppIcon;
				CODE_SIGN_STYLE = Automatic;
				INFOPLIST_FILE = app_food/Info.plist;
				LD_RUNPATH_SEARCH_PATHS = (
					"$(inherited)",
					"@executable_path/Frameworks",
				);
				PRODUCT_BUNDLE_IDENTIFIER = "bai-1.app-food";
				PRODUCT_NAME = "$(TARGET_NAME)";
				SWIFT_VERSION = 4.0;
				TARGETED_DEVICE_FAMILY = "1,2";
			};
			name = Release;
		};
/* End XCBuildConfiguration section */

/* Begin XCConfigurationList section */
		DB338D112238A396001B8EDE /* Build configuration list for PBXProject "app_food" */ = {
			isa = XCConfigurationList;
			buildConfigurations = (
				DB338D262238A398001B8EDE /* Debug */,
				DB338D272238A398001B8EDE /* Release */,
			);
			defaultConfigurationIsVisible = 0;
			defaultConfigurationName = Release;
		};
		DB338D282238A398001B8EDE /* Build configuration list for PBXNativeTarget "app_food" */ = {
			isa = XCConfigurationList;
			buildConfigurations = (
				DB338D292238A398001B8EDE /* Debug */,
				DB338D2A2238A398001B8EDE /* Release */,
			);
			defaultConfigurationIsVisible = 0;
			defaultConfigurationName = Release;
		};
/* End XCConfigurationList section */
	};
	rootObject = DB338D0E2238A396001B8EDE /* Project object */;
}
